
Microsoft Visual Studio Solution File, Format Version 12.00
# Visual Studio Version 16
VisualStudioVersion = 16.0.31005.135
MinimumVisualStudioVersion = 10.0.40219.1
Project("{FAE04EC0-301F-11D3-BF4B-00C04F79EFBC}") = "LinqProject", "LinqProject\LinqProject.csproj", "{A8CD88CF-119D-40FF-A464-89B8EBED7E52}"
EndProject
Global
	GlobalSection(SolutionConfigurationPlatforms) = preSolution
		Debug|Any CPU = Debug|Any CPU
		Release|Any CPU = Release|Any CPU
	EndGlobalSection
	GlobalSection(ProjectConfigurationPlatforms) = postSolution
		{A8CD88CF-119D-40FF-A464-89B8EBED7E52}.Debug|Any CPU.ActiveCfg = Debug|Any CPU
		{A8CD88CF-119D-40FF-A464-89B8EBED7E52}.Debug|Any CPU.Build.0 = Debug|Any CPU
		{A8CD88CF-119D-40FF-A464-89B8EBED7E52}.Release|Any CPU.ActiveCfg = Release|Any CPU
		{A8CD88CF-119D-40FF-A464-89B8EBED7E52}.Release|Any CPU.Build.0 = Release|Any CPU
	EndGlobalSection
	GlobalSection(SolutionProperties) = preSolution
		HideSolutionNode = FALSE
	EndGlobalSection
	GlobalSection(ExtensibilityGlobals) = postSolution
		SolutionGuid = {0A012BD5-8A21-4E32-9776-8F9E6099E617}
	EndGlobalSection
EndGlobal
